
Microsoft Visual Studio Solution File, Format Version 12.00
# Visual Studio 14
VisualStudioVersion = 14.0.24720.0
MinimumVisualStudioVersion = 10.0.40219.1
Project("{8BC9CEB8-8B4A-11D0-8D11-00A0C91BC942}") = "Algorithm", "Algorithm\Algorithm.vcxproj", "{0206D726-761A-4EDD-88C0-22753640242B}"
EndProject
Project("{8BC9CEB8-8B4A-11D0-8D11-00A0C91BC942}") = "AStartPath", "AStartPath\AStartPath.vcxproj", "{394D8064-13F2-46B6-BEBC-F29D8DD61B8E}"
EndProject
Project("{8BC9CEB8-8B4A-11D0-8D11-00A0C91BC942}") = "AVLTree", "AVLTree\AVLTree.vcxproj", "{40DC3FAB-DB0D-4FE5-9096-257BCAF1D80E}"
EndProject
Project("{8BC9CEB8-8B4A-11D0-8D11-00A0C91BC942}") = "MinMaxSearch", "MinMaxSearch\MinMaxSearch.vcxproj", "{14E724CE-615D-45FD-8F58-52CEF98D1D0B}"
EndProject
Global
	GlobalSection(SolutionConfigurationPlatforms) = preSolution
		Debug|x64 = Debug|x64
		Debug|x86 = Debug|x86
		Release|x64 = Release|x64
		Release|x86 = Release|x86
	EndGlobalSection
	GlobalSection(ProjectConfigurationPlatforms) = postSolution
		{0206D726-761A-4EDD-88C0-22753640242B}.Debug|x64.ActiveCfg = Debug|x64
		{0206D726-761A-4EDD-88C0-22753640242B}.Debug|x64.Build.0 = Debug|x64
		{0206D726-761A-4EDD-88C0-22753640242B}.Debug|x86.ActiveCfg = Debug|Win32
		{0206D726-761A-4EDD-88C0-22753640242B}.Debug|x86.Build.0 = Debug|Win32
		{0206D726-761A-4EDD-88C0-22753640242B}.Release|x64.ActiveCfg = Release|x64
		{0206D726-761A-4EDD-88C0-22753640242B}.Release|x64.Build.0 = Release|x64
		{0206D726-761A-4EDD-88C0-22753640242B}.Release|x86.ActiveCfg = Release|Win32
		{0206D726-761A-4EDD-88C0-22753640242B}.Release|x86.Build.0 = Release|Win32
		{394D8064-13F2-46B6-BEBC-F29D8DD61B8E}.Debug|x64.ActiveCfg = Debug|x64
		{394D8064-13F2-46B6-BEBC-F29D8DD61B8E}.Debug|x64.Build.0 = Debug|x64
		{394D8064-13F2-46B6-BEBC-F29D8DD61B8E}.Debug|x86.ActiveCfg = Debug|Win32
		{394D8064-13F2-46B6-BEBC-F29D8DD61B8E}.Debug|x86.Build.0 = Debug|Win32
		{394D8064-13F2-46B6-BEBC-F29D8DD61B8E}.Release|x64.ActiveCfg = Release|x64
		{394D8064-13F2-46B6-BEBC-F29D8DD61B8E}.Release|x64.Build.0 = Release|x64
		{394D8064-13F2-46B6-BEBC-F29D8DD61B8E}.Release|x86.ActiveCfg = Release|Win32
		{394D8064-13F2-46B6-BEBC-F29D8DD61B8E}.Release|x86.Build.0 = Release|Win32
		{40DC3FAB-DB0D-4FE5-9096-257BCAF1D80E}.Debug|x64.ActiveCfg = Debug|x64
		{40DC3FAB-DB0D-4FE5-9096-257BCAF1D80E}.Debug|x64.Build.0 = Debug|x64
		{40DC3FAB-DB0D-4FE5-9096-257BCAF1D80E}.Debug|x86.ActiveCfg = Debug|Win32
		{40DC3FAB-DB0D-4FE5-9096-257BCAF1D80E}.Debug|x86.Build.0 = Debug|Win32
		{40DC3FAB-DB0D-4FE5-9096-257BCAF1D80E}.Release|x64.ActiveCfg = Release|x64
		{40DC3FAB-DB0D-4FE5-9096-257BCAF1D80E}.Release|x64.Build.0 = Release|x64
		{40DC3FAB-DB0D-4FE5-9096-257BCAF1D80E}.Release|x86.ActiveCfg = Release|Win32
		{40DC3FAB-DB0D-4FE5-9096-257BCAF1D80E}.Release|x86.Build.0 = Release|Win32
		{14E724CE-615D-45FD-8F58-52CEF98D1D0B}.Debug|x64.ActiveCfg = Debug|x64
		{14E724CE-615D-45FD-8F58-52CEF98D1D0B}.Debug|x64.Build.0 = Debug|x64
		{14E724CE-615D-45FD-8F58-52CEF98D1D0B}.Debug|x86.ActiveCfg = Debug|Win32
		{14E724CE-615D-45FD-8F58-52CEF98D1D0B}.Debug|x86.Build.0 = Debug|Win32
		{14E724CE-615D-45FD-8F58-52CEF98D1D0B}.Release|x64.ActiveCfg = Release|x64
		{14E724CE-615D-45FD-8F58-52CEF98D1D0B}.Release|x64.Build.0 = Release|x64
		{14E724CE-615D-45FD-8F58-52CEF98D1D0B}.Release|x86.ActiveCfg = Release|Win32
		{14E724CE-615D-45FD-8F58-52CEF98D1D0B}.Release|x86.Build.0 = Release|Win32
	EndGlobalSection
	GlobalSection(SolutionProperties) = preSolution
		HideSolutionNode = FALSE
	EndGlobalSection
EndGlobal
